<?xml version="1.0" encoding="utf-8"?>
<Project ToolsVersion="4.0" xmlns="http://schemas.microsoft.com/developer/msbuild/2003">
  <ItemGroup>
    <Filter Include="Input Framework">
      <UniqueIdentifier>{8aba2546-0b5c-47a7-abe7-70ae86b5e6ff}</UniqueIdentifier>
    </Filter>
    <Filter Include="Networking Framework">
      <UniqueIdentifier>{74eefab9-06b6-474d-902b-6603355c1c76}</UniqueIdentifier>
    </Filter>
    <Filter Include="Sound Framework">
      <UniqueIdentifier>{5d1184ae-91ae-46b4-8678-efe24a09981b}</UniqueIdentifier>
    </Filter>
    <Filter Include="Input Framework\Controllers">
      <UniqueIdentifier>{c6cf7954-d8f5-4820-b0e6-502625278d1f}</UniqueIdentifier>
    </Filter>
    <Filter Include="Input Framework\Controllers\Header Files">
      <UniqueIdentifier>{36478270-efb9-4d1c-aa4a-ee4e013de3eb}</UniqueIdentifier>
    </Filter>
    <Filter Include="Input Framework\Controllers\Source Files">
      <UniqueIdentifier>{46976d85-1c2d-4118-ad47-e5a4fe09bbf0}</UniqueIdentifier>
    </Filter>
    <Filter Include="Input Framework\Factories">
      <UniqueIdentifier>{610615e2-8f0b-4694-9838-37061130ee60}</UniqueIdentifier>
    </Filter>
    <Filter Include="Input Framework\Interfaces">
      <UniqueIdentifier>{f2e51360-37c9-4658-b447-2014b930c315}</UniqueIdentifier>
    </Filter>
    <Filter Include="Input Framework\Models">
      <UniqueIdentifier>{622dfb2a-9401-4929-98d6-244623ac0b9f}</UniqueIdentifier>
    </Filter>
    <Filter Include="Graphics Framework">
      <UniqueIdentifier>{98e50b81-e267-4f3d-949e-fb909c9d0281}</UniqueIdentifier>
    </Filter>
    <Filter Include="Graphics Framework\Controllers">
      <UniqueIdentifier>{ed6567e9-3f55-4eb5-9aef-83753dd18080}</UniqueIdentifier>
    </Filter>
    <Filter Include="Graphics Framework\Controllers\Header Files">
      <UniqueIdentifier>{407c86ab-c9cc-4439-87a2-d5220bc1cb7c}</UniqueIdentifier>
    </Filter>
    <Filter Include="Graphics Framework\Controllers\Source Files">
      <UniqueIdentifier>{46e493fa-62b4-46d3-99fc-019bc2bb9406}</UniqueIdentifier>
    </Filter>
    <Filter Include="Graphics Framework\Interfaces">
      <UniqueIdentifier>{794e767f-50b8-444e-b9b6-bd89206457fd}</UniqueIdentifier>
    </Filter>
    <Filter Include="Graphics Framework\Factories">
      <UniqueIdentifier>{5e53d933-f353-4451-ab31-99e621695329}</UniqueIdentifier>
    </Filter>
    <Filter Include="Graphics Framework\Factories\Header Files">
      <UniqueIdentifier>{5906d9cf-7d79-40dd-90b3-cc0785d2c8aa}</UniqueIdentifier>
    </Filter>
    <Filter Include="Graphics Framework\Factories\Source Files">
      <UniqueIdentifier>{9eb4c6b0-a1e6-4b87-a6ed-996adb8081ca}</UniqueIdentifier>
    </Filter>
    <Filter Include="Graphics Framework\Models">
      <UniqueIdentifier>{7e85d0fd-259e-4085-95b0-ba9047c3346a}</UniqueIdentifier>
    </Filter>
    <Filter Include="Graphics Framework\Models\Header Files">
      <UniqueIdentifier>{be82ba19-5fee-4ef7-b964-467970b45bc2}</UniqueIdentifier>
    </Filter>
    <Filter Include="Graphics Framework\Models\Source Files">
      <UniqueIdentifier>{4d8607c3-1409-42db-8715-84ed9537b2bf}</UniqueIdentifier>
    </Filter>
    <Filter Include="Input Framework\Models\Header Files">
      <UniqueIdentifier>{bd78e5a6-8bea-4a61-9035-a66427eeab9b}</UniqueIdentifier>
    </Filter>
    <Filter Include="Input Framework\Models\Source Files">
      <UniqueIdentifier>{25522a0f-340c-4370-8de4-fd7d1465ea92}</UniqueIdentifier>
    </Filter>
    <Filter Include="Input Framework\Factories\Header FIles">
      <UniqueIdentifier>{ada44ed9-e6bd-4a8e-8f0f-5281750e9df7}</UniqueIdentifier>
    </Filter>
    <Filter Include="Input Framework\Factories\Source Files">
      <UniqueIdentifier>{925df5b2-7a32-4577-a85c-2cd593d5f3a9}</UniqueIdentifier>
    </Filter>
    <Filter Include="Sound Framework\Controllers">
      <UniqueIdentifier>{d3880efa-c0ac-47df-b65b-bfda8284487c}</UniqueIdentifier>
    </Filter>
    <Filter Include="Sound Framework\Controllers\Header Files">
      <UniqueIdentifier>{129f674c-eaf2-47e6-a589-d30cf2f7c19e}</UniqueIdentifier>
    </Filter>
    <Filter Include="Sound Framework\Controllers\Source Files">
      <UniqueIdentifier>{d4425506-7dc3-4d5f-89d2-3386b9b16dbb}</UniqueIdentifier>
    </Filter>
    <Filter Include="Sound Framework\Interfaces">
      <UniqueIdentifier>{e170d091-020f-429e-8c45-5a2ab2737124}</UniqueIdentifier>
    </Filter>
    <Filter Include="Sound Framework\Factories">
      <UniqueIdentifier>{7651d6b8-8455-49ed-a7f2-47b0060eda2c}</UniqueIdentifier>
    </Filter>
    <Filter Include="Sound Framework\Models">
      <UniqueIdentifier>{0490e01e-bc3a-4a54-9ffb-c4bb73099667}</UniqueIdentifier>
    </Filter>
    <Filter Include="Sound Framework\Models\Header Files">
      <UniqueIdentifier>{408e8118-b16b-4dc6-acdb-77890597fe6d}</UniqueIdentifier>
    </Filter>
    <Filter Include="Sound Framework\Models\Source Files">
      <UniqueIdentifier>{28e3864d-477b-4a1b-bbdc-d633a91b3bc0}</UniqueIdentifier>
    </Filter>
    <Filter Include="Sound Framework\Factories\Header Files">
      <UniqueIdentifier>{6abfbbc3-f6dc-423a-9769-7589f8a2c096}</UniqueIdentifier>
    </Filter>
    <Filter Include="Sound Framework\Factories\Source Files">
      <UniqueIdentifier>{db0ebf3b-2105-4ab0-9976-042fac73b0d5}</UniqueIdentifier>
    </Filter>
    <Filter Include="Networking Framework\Controllers">
      <UniqueIdentifier>{e966738d-94ea-4fdd-ad69-9aca96459464}</UniqueIdentifier>
    </Filter>
    <Filter Include="Networking Framework\Controllers\Header Files">
      <UniqueIdentifier>{9287b259-664d-4c8d-8dc2-8a0da3be78a8}</UniqueIdentifier>
    </Filter>
    <Filter Include="Networking Framework\Controllers\Source Files">
      <UniqueIdentifier>{fca526b8-2a45-46f5-8d6f-d3b3cfc990e6}</UniqueIdentifier>
    </Filter>
    <Filter Include="Gameplay Framework">
      <UniqueIdentifier>{4d120c84-dd0f-4227-9ed8-86bf7d43b8c9}</UniqueIdentifier>
    </Filter>
    <Filter Include="Gameplay Framework\GameObject">
      <UniqueIdentifier>{fa6dddf0-dc4d-441a-a7ea-5f22d68ed5f8}</UniqueIdentifier>
    </Filter>
    <Filter Include="Gameplay Framework\GameScene">
      <UniqueIdentifier>{7e2f3057-fee7-4c32-8456-9d958067be79}</UniqueIdentifier>
    </Filter>
    <Filter Include="Gameplay Framework\GameComponent">
      <UniqueIdentifier>{d564f76e-c68d-465b-98a1-2231bb7c2b29}</UniqueIdentifier>
    </Filter>
    <Filter Include="Gameplay Framework\GameObject\Header Files">
      <UniqueIdentifier>{6d587933-1b4d-465c-9bcf-88d03419ef3e}</UniqueIdentifier>
    </Filter>
    <Filter Include="Gameplay Framework\GameObject\Source Files">
      <UniqueIdentifier>{98d957e6-17ee-46fc-a97c-bd5ea4ef27b3}</UniqueIdentifier>
    </Filter>
    <Filter Include="Gameplay Framework\GameScene\Header Files">
      <UniqueIdentifier>{71890501-c8ad-4948-8091-db0445d22095}</UniqueIdentifier>
    </Filter>
    <Filter Include="Gameplay Framework\GameScene\Source FIles">
      <UniqueIdentifier>{0c2bab1c-2b0f-4396-bd79-b3a508747201}</UniqueIdentifier>
    </Filter>
    <Filter Include="Gameplay Framework\GameComponent\Header Files">
      <UniqueIdentifier>{b8d65904-1dcc-485a-9f6c-1dce9ba4d5d5}</UniqueIdentifier>
    </Filter>
    <Filter Include="Gameplay Framework\GameComponent\Source Files">
      <UniqueIdentifier>{edfa9d4f-4199-4c4c-ba70-162264efb775}</UniqueIdentifier>
    </Filter>
    <Filter Include="Gameplay Framework\GameBuilder">
      <UniqueIdentifier>{8a366675-e3d4-4eef-8b08-a4b64731b41b}</UniqueIdentifier>
    </Filter>
    <Filter Include="Gameplay Framework\GameBuilder\Header Files">
      <UniqueIdentifier>{a9ad062e-684d-49e8-b541-6ccea5a878f2}</UniqueIdentifier>
    </Filter>
    <Filter Include="Gameplay Framework\GameBuilder\Source Files">
      <UniqueIdentifier>{da5a6df4-b919-43f6-887a-38b780438fd8}</UniqueIdentifier>
    </Filter>
    <Filter Include="Testing FIles">
      <UniqueIdentifier>{215293c1-c575-49ba-b2c8-8ea5f89c63c9}</UniqueIdentifier>
    </Filter>
    <Filter Include="Engine System Core">
      <UniqueIdentifier>{cc40ae70-b86b-4c4a-b580-0364e8b85d53}</UniqueIdentifier>
    </Filter>
    <Filter Include="Engine System Core\Models">
      <UniqueIdentifier>{6ba5e58b-704a-4af2-bb5d-f8c722a33145}</UniqueIdentifier>
    </Filter>
    <Filter Include="Engine System Core\Models\Header Files">
      <UniqueIdentifier>{27e4e915-077f-488f-991f-4cdc639afe2f}</UniqueIdentifier>
    </Filter>
    <Filter Include="Engine System Core\Models\Source Files">
      <UniqueIdentifier>{0f0c66d2-db23-4611-a157-864a77a7e605}</UniqueIdentifier>
    </Filter>
    <Filter Include="Engine System Core\Factories">
      <UniqueIdentifier>{9cbb1a54-566f-47c1-a6eb-c1c7a84c9d9c}</UniqueIdentifier>
    </Filter>
    <Filter Include="Engine System Core\Factories\Header Files">
      <UniqueIdentifier>{20c1b319-8c2f-42ac-806e-bcd4eabb66de}</UniqueIdentifier>
    </Filter>
    <Filter Include="Engine System Core\Factories\Source Files">
      <UniqueIdentifier>{272cca4d-cb2e-485b-8961-b01a13180fef}</UniqueIdentifier>
    </Filter>
    <Filter Include="Engine System Core\Engine Core">
      <UniqueIdentifier>{2feb9269-6337-4ac6-b2ab-ae6dc7343f84}</UniqueIdentifier>
    </Filter>
    <Filter Include="Engine System Core\Engine Core\Header Files">
      <UniqueIdentifier>{58fabde8-d8a8-49e1-bd68-c3fe267472f9}</UniqueIdentifier>
    </Filter>
    <Filter Include="Engine System Core\Engine Core\Source Files">
      <UniqueIdentifier>{f7958829-4451-48cf-a1b1-138d8cb8dba8}</UniqueIdentifier>
    </Filter>
  </ItemGroup>
  <ItemGroup>
    <ClCompile Include="main.cpp" />
    <ClCompile Include="InsanityEngine.cpp">
      <Filter>Engine System Core\Engine Core\Source Files</Filter>
    </ClCompile>
    <ClCompile Include="GraphicsController.cpp">
      <Filter>Graphics Framework\Controllers\Source Files</Filter>
    </ClCompile>
    <ClCompile Include="WindowController.cpp">
      <Filter>Graphics Framework\Controllers\Source Files</Filter>
    </ClCompile>
    <ClCompile Include="GraphicsDataFactory.cpp">
      <Filter>Graphics Framework\Factories\Source Files</Filter>
    </ClCompile>
    <ClCompile Include="DrawableGraphicsManager.cpp">
      <Filter>Graphics Framework\Controllers\Source Files</Filter>
    </ClCompile>
    <ClCompile Include="StaticGraphicsData.cpp">
      <Filter>Graphics Framework\Models\Source Files</Filter>
    </ClCompile>
    <ClCompile Include="GraphicsFactory.cpp">
      <Filter>Graphics Framework\Factories\Source Files</Filter>
    </ClCompile>
    <ClCompile Include="Camera.cpp">
      <Filter>Graphics Framework\Models\Source Files</Filter>
    </ClCompile>
    <ClCompile Include="InputController.cpp">
      <Filter>Input Framework\Controllers\Source Files</Filter>
    </ClCompile>
    <ClCompile Include="InputState.cpp">
      <Filter>Input Framework\Models\Source Files</Filter>
    </ClCompile>
    <ClCompile Include="InputFactory.cpp">
      <Filter>Input Framework\Factories\Source Files</Filter>
    </ClCompile>
    <ClCompile Include="SoundController.cpp">
      <Filter>Sound Framework\Controllers\Source Files</Filter>
    </ClCompile>
    <ClCompile Include="SoundFactory.cpp">
      <Filter>Sound Framework\Factories\Source Files</Filter>
    </ClCompile>
    <ClCompile Include="SoundBase.cpp">
      <Filter>Sound Framework\Models\Source Files</Filter>
    </ClCompile>
    <ClCompile Include="MusicSound.cpp">
      <Filter>Sound Framework\Models\Source Files</Filter>
    </ClCompile>
    <ClCompile Include="SoundEffect.cpp">
      <Filter>Sound Framework\Models\Source Files</Filter>
    </ClCompile>
    <ClCompile Include="EngineFactory.cpp">
      <Filter>Engine System Core\Factories\Source Files</Filter>
    </ClCompile>
    <ClCompile Include="GameObject.cpp">
      <Filter>Gameplay Framework\GameObject\Source Files</Filter>
    </ClCompile>
    <ClCompile Include="GameScene.cpp">
      <Filter>Gameplay Framework\GameScene\Source FIles</Filter>
    </ClCompile>
    <ClCompile Include="GameBuilder.cpp">
      <Filter>Gameplay Framework\GameBuilder\Source Files</Filter>
    </ClCompile>
    <ClCompile Include="StaticGraphicsComponent.cpp">
      <Filter>Gameplay Framework\GameComponent\Source Files</Filter>
    </ClCompile>
    <ClCompile Include="BaseComponent.cpp">
      <Filter>Gameplay Framework\GameComponent\Source Files</Filter>
    </ClCompile>
    <ClCompile Include="PythonScriptComponent.cpp">
      <Filter>Gameplay Framework\GameComponent\Source Files</Filter>
    </ClCompile>
  </ItemGroup>
  <ItemGroup>
    <ClInclude Include="InsanityEngine.h">
      <Filter>Engine System Core\Engine Core\Header Files</Filter>
    </ClInclude>
    <ClInclude Include="InputController.h">
      <Filter>Input Framework\Controllers\Header Files</Filter>
    </ClInclude>
    <ClInclude Include="NetworkingController.h">
      <Filter>Networking Framework\Controllers\Header Files</Filter>
    </ClInclude>
    <ClInclude Include="SoundController.h">
      <Filter>Sound Framework\Controllers\Header Files</Filter>
    </ClInclude>
    <ClInclude Include="GraphicsController.h">
      <Filter>Graphics Framework\Controllers\Header Files</Filter>
    </ClInclude>
    <ClInclude Include="WindowController.h">
      <Filter>Graphics Framework\Controllers\Header Files</Filter>
    </ClInclude>
    <ClInclude Include="GraphicsDataFactory.h">
      <Filter>Graphics Framework\Factories\Header Files</Filter>
    </ClInclude>
    <ClInclude Include="IGraphicData.h">
      <Filter>Graphics Framework\Interfaces</Filter>
    </ClInclude>
    <ClInclude Include="IDrawable.h">
      <Filter>Graphics Framework\Interfaces</Filter>
    </ClInclude>
    <ClInclude Include="DrawableGraphicsManager.h">
      <Filter>Graphics Framework\Controllers\Header Files</Filter>
    </ClInclude>
    <ClInclude Include="StaticGraphicsData.h">
      <Filter>Graphics Framework\Models\Header Files</Filter>
    </ClInclude>
    <ClInclude Include="GraphicsFactory.h">
      <Filter>Graphics Framework\Factories\Header Files</Filter>
    </ClInclude>
    <ClInclude Include="Camera.h">
      <Filter>Graphics Framework\Models\Header Files</Filter>
    </ClInclude>
    <ClInclude Include="InputState.h">
      <Filter>Input Framework\Models\Header Files</Filter>
    </ClInclude>
    <ClInclude Include="InputFactory.h">
      <Filter>Input Framework\Factories\Header FIles</Filter>
    </ClInclude>
    <ClInclude Include="SoundBase.h">
      <Filter>Sound Framework\Models\Header Files</Filter>
    </ClInclude>
    <ClInclude Include="SoundFactory.h">
      <Filter>Sound Framework\Factories\Header Files</Filter>
    </ClInclude>
    <ClInclude Include="MusicSound.h">
      <Filter>Sound Framework\Models\Header Files</Filter>
    </ClInclude>
    <ClInclude Include="SoundEffect.h">
      <Filter>Sound Framework\Models\Header Files</Filter>
    </ClInclude>
    <ClInclude Include="ConfigurationData.h">
      <Filter>Engine System Core\Models\Header Files</Filter>
    </ClInclude>
    <ClInclude Include="EngineFactory.h">
      <Filter>Engine System Core\Factories\Header Files</Filter>
    </ClInclude>
    <ClInclude Include="GameObject.h">
      <Filter>Gameplay Framework\GameObject\Header Files</Filter>
    </ClInclude>
    <ClInclude Include="Transform.h">
      <Filter>Gameplay Framework\GameObject\Header Files</Filter>
    </ClInclude>
    <ClInclude Include="BaseComponent.h">
      <Filter>Gameplay Framework\GameComponent\Header Files</Filter>
    </ClInclude>
    <ClInclude Include="GameScene.h">
      <Filter>Gameplay Framework\GameScene\Header Files</Filter>
    </ClInclude>
    <ClInclude Include="GameBuilder.h">
      <Filter>Gameplay Framework\GameBuilder\Header Files</Filter>
    </ClInclude>
    <ClInclude Include="GameSceneData.h">
      <Filter>Gameplay Framework\GameBuilder\Header Files</Filter>
    </ClInclude>
    <ClInclude Include="StaticGraphicsComponent.h">
      <Filter>Gameplay Framework\GameComponent\Header Files</Filter>
    </ClInclude>
    <ClInclude Include="PythonScriptComponent.h">
      <Filter>Gameplay Framework\GameComponent\Header Files</Filter>
    </ClInclude>
    <ClInclude Include="PythonScriptBinding.h">
      <Filter>Engine System Core\Engine Core\Header Files</Filter>
    </ClInclude>
  </ItemGroup>
  <ItemGroup>
    <None Include="config.json" />
    <None Include="TestComponent.py">
      <Filter>Testing FIles</Filter>
    </None>
    <None Include="TestScene.json">
      <Filter>Testing FIles</Filter>
    </None>
  </ItemGroup>
  <ItemGroup>
    <Text Include="Coding_Standards.txt" />
  </ItemGroup>
  <ItemGroup>
    <Image Include="Test.png">
      <Filter>Testing FIles</Filter>
    </Image>
  </ItemGroup>
</Project>